// !$*UTF8*$!
{
	archiveVersion = 1;
	classes = {
	};
	objectVersion = 56;
	objects = {

/* Begin PBXBuildFile section */
		04B3BABB2CAC0E8400CB3B76 /* AppDelegate.swift in Sources */ = {isa = PBXBuildFile; fileRef = 04B3BABA2CAC0E8400CB3B76 /* AppDelegate.swift */; };
		04B3BABD2CAC0E8400CB3B76 /* SceneDelegate.swift in Sources */ = {isa = PBXBuildFile; fileRef = 04B3BABC2CAC0E8400CB3B76 /* SceneDelegate.swift */; };
		04B3BABF2CAC0E8400CB3B76 /* ViewController.swift in Sources */ = {isa = PBXBuildFile; fileRef = 04B3BABE2CAC0E8400CB3B76 /* ViewController.swift */; };
		04B3BAC22CAC0E8400CB3B76 /* Main.storyboard in Resources */ = {isa = PBXBuildFile; fileRef = 04B3BAC02CAC0E8400CB3B76 /* Main.storyboard */; };
		04B3BAC42CAC0E8500CB3B76 /* Assets.xcassets in Resources */ = {isa = PBXBuildFile; fileRef = 04B3BAC32CAC0E8500CB3B76 /* Assets.xcassets */; };
		04B3BAC72CAC0E8500CB3B76 /* LaunchScreen.storyboard in Resources */ = {isa = PBXBuildFile; fileRef = 04B3BAC52CAC0E8500CB3B76 /* LaunchScreen.storyboard */; };
		04B3BAD12CAC0F4500CB3B76 /* TCDCore in Frameworks */ = {isa = PBXBuildFile; productRef = 04B3BAD02CAC0F4500CB3B76 /* TCDCore */; };
		04B3BAD32CAC0F6500CB3B76 /* SharedModels in Frameworks */ = {isa = PBXBuildFile; productRef = 04B3BAD22CAC0F6500CB3B76 /* SharedModels */; };
		04B3BAD52CAC0F6900CB3B76 /* TCDDomain in Frameworks */ = {isa = PBXBuildFile; productRef = 04B3BAD42CAC0F6900CB3B76 /* TCDDomain */; };
		04B3BAD72CAC0FDD00CB3B76 /* ViewModel.swift in Sources */ = {isa = PBXBuildFile; fileRef = 04B3BAD62CAC0FDD00CB3B76 /* ViewModel.swift */; };
		04B3BAD92CAC102700CB3B76 /* ViewModelProtocol.swift in Sources */ = {isa = PBXBuildFile; fileRef = 04B3BAD82CAC102700CB3B76 /* ViewModelProtocol.swift */; };
		04B3BADB2CAC15FF00CB3B76 /* ViewModel+Init.swift in Sources */ = {isa = PBXBuildFile; fileRef = 04B3BADA2CAC15FF00CB3B76 /* ViewModel+Init.swift */; };
		04B3BADD2CAC163C00CB3B76 /* TCDData in Frameworks */ = {isa = PBXBuildFile; productRef = 04B3BADC2CAC163C00CB3B76 /* TCDData */; };
/* End PBXBuildFile section */

/* Begin PBXFileReference section */
		04B3BAB72CAC0E8400CB3B76 /* MultiModuleSample.app */ = {isa = PBXFileReference; explicitFileType = wrapper.application; includeInIndex = 0; path = MultiModuleSample.app; sourceTree = BUILT_PRODUCTS_DIR; };
		04B3BABA2CAC0E8400CB3B76 /* AppDelegate.swift */ = {isa = PBXFileReference; lastKnownFileType = sourcecode.swift; path = AppDelegate.swift; sourceTree = "<group>"; };
		04B3BABC2CAC0E8400CB3B76 /* SceneDelegate.swift */ = {isa = PBXFileReference; lastKnownFileType = sourcecode.swift; path = SceneDelegate.swift; sourceTree = "<group>"; };
		04B3BABE2CAC0E8400CB3B76 /* ViewController.swift */ = {isa = PBXFileReference; lastKnownFileType = sourcecode.swift; path = ViewController.swift; sourceTree = "<group>"; };
		04B3BAC12CAC0E8400CB3B76 /* Base */ = {isa = PBXFileReference; lastKnownFileType = file.storyboard; name = Base; path = Base.lproj/Main.storyboard; sourceTree = "<group>"; };
		04B3BAC32CAC0E8500CB3B76 /* Assets.xcassets */ = {isa = PBXFileReference; lastKnownFileType = folder.assetcatalog; path = Assets.xcassets; sourceTree = "<group>"; };
		04B3BAC62CAC0E8500CB3B76 /* Base */ = {isa = PBXFileReference; lastKnownFileType = file.storyboard; name = Base; path = Base.lproj/LaunchScreen.storyboard; sourceTree = "<group>"; };
		04B3BAC82CAC0E8500CB3B76 /* Info.plist */ = {isa = PBXFileReference; lastKnownFileType = text.plist.xml; path = Info.plist; sourceTree = "<group>"; };
		04B3BACE2CAC0EC200CB3B76 /* AppPackage */ = {isa = PBXFileReference; lastKnownFileType = wrapper; path = AppPackage; sourceTree = "<group>"; };
		04B3BAD62CAC0FDD00CB3B76 /* ViewModel.swift */ = {isa = PBXFileReference; lastKnownFileType = sourcecode.swift; path = ViewModel.swift; sourceTree = "<group>"; };
		04B3BAD82CAC102700CB3B76 /* ViewModelProtocol.swift */ = {isa = PBXFileReference; lastKnownFileType = sourcecode.swift; path = ViewModelProtocol.swift; sourceTree = "<group>"; };
		04B3BADA2CAC15FF00CB3B76 /* ViewModel+Init.swift */ = {isa = PBXFileReference; lastKnownFileType = sourcecode.swift; path = "ViewModel+Init.swift"; sourceTree = "<group>"; };
/* End PBXFileReference section */

/* Begin PBXFrameworksBuildPhase section */
		04B3BAB42CAC0E8400CB3B76 /* Frameworks */ = {
			isa = PBXFrameworksBuildPhase;
			buildActionMask = 2147483647;
			files = (
				04B3BADD2CAC163C00CB3B76 /* TCDData in Frameworks */,
				04B3BAD12CAC0F4500CB3B76 /* TCDCore in Frameworks */,
				04B3BAD52CAC0F6900CB3B76 /* TCDDomain in Frameworks */,
				04B3BAD32CAC0F6500CB3B76 /* SharedModels in Frameworks */,
			);
			runOnlyForDeploymentPostprocessing = 0;
		};
/* End PBXFrameworksBuildPhase section */

/* Begin PBXGroup section */
		04B3BAAE2CAC0E8400CB3B76 = {
			isa = PBXGroup;
			children = (
				04B3BACE2CAC0EC200CB3B76 /* AppPackage */,
				04B3BAB92CAC0E8400CB3B76 /* MultiModuleSample */,
				04B3BAB82CAC0E8400CB3B76 /* Products */,
				04B3BACF2CAC0F4500CB3B76 /* Frameworks */,
			);
			sourceTree = "<group>";
		};
		04B3BAB82CAC0E8400CB3B76 /* Products */ = {
			isa = PBXGroup;
			children = (
				04B3BAB72CAC0E8400CB3B76 /* MultiModuleSample.app */,
			);
			name = Products;
			sourceTree = "<group>";
		};
		04B3BAB92CAC0E8400CB3B76 /* MultiModuleSample */ = {
			isa = PBXGroup;
			children = (
				04B3BABA2CAC0E8400CB3B76 /* AppDelegate.swift */,
				04B3BABC2CAC0E8400CB3B76 /* SceneDelegate.swift */,
				04B3BABE2CAC0E8400CB3B76 /* ViewController.swift */,
				04B3BAD62CAC0FDD00CB3B76 /* ViewModel.swift */,
				04B3BADA2CAC15FF00CB3B76 /* ViewModel+Init.swift */,
				04B3BAD82CAC102700CB3B76 /* ViewModelProtocol.swift */,
				04B3BAC02CAC0E8400CB3B76 /* Main.storyboard */,
				04B3BAC32CAC0E8500CB3B76 /* Assets.xcassets */,
				04B3BAC52CAC0E8500CB3B76 /* LaunchScreen.storyboard */,
				04B3BAC82CAC0E8500CB3B76 /* Info.plist */,
			);
			path = MultiModuleSample;
			sourceTree = "<group>";
		};
		04B3BACF2CAC0F4500CB3B76 /* Frameworks */ = {
			isa = PBXGroup;
			children = (
			);
			name = Frameworks;
			sourceTree = "<group>";
		};
/* End PBXGroup section */

/* Begin PBXNativeTarget section */
		04B3BAB62CAC0E8400CB3B76 /* MultiModuleSample */ = {
			isa = PBXNativeTarget;
			buildConfigurationList = 04B3BACB2CAC0E8500CB3B76 /* Build configuration list for PBXNativeTarget "MultiModuleSample" */;
			buildPhases = (
				04B3BAB32CAC0E8400CB3B76 /* Sources */,
				04B3BAB42CAC0E8400CB3B76 /* Frameworks */,
				04B3BAB52CAC0E8400CB3B76 /* Resources */,
			);
			buildRules = (
			);
			dependencies = (
			);
			name = MultiModuleSample;
			packageProductDependencies = (
				04B3BAD02CAC0F4500CB3B76 /* TCDCore */,
				04B3BAD22CAC0F6500CB3B76 /* SharedModels */,
				04B3BAD42CAC0F6900CB3B76 /* TCDDomain */,
				04B3BADC2CAC163C00CB3B76 /* TCDData */,
			);
			productName = MultiModuleSample;
			productReference = 04B3BAB72CAC0E8400CB3B76 /* MultiModuleSample.app */;
			productType = "com.apple.product-type.application";
		};
/* End PBXNativeTarget section */

/* Begin PBXProject section */
		04B3BAAF2CAC0E8400CB3B76 /* Project object */ = {
			isa = PBXProject;
			attributes = {
				BuildIndependentTargetsInParallel = 1;
				LastSwiftUpdateCheck = 1500;
				LastUpgradeCheck = 1500;
				TargetAttributes = {
					04B3BAB62CAC0E8400CB3B76 = {
						CreatedOnToolsVersion = 15.0;
					};
				};
			};
			buildConfigurationList = 04B3BAB22CAC0E8400CB3B76 /* Build configuration list for PBXProject "MultiModuleSample" */;
			compatibilityVersion = "Xcode 14.0";
			developmentRegion = en;
			hasScannedForEncodings = 0;
			knownRegions = (
				en,
				Base,
			);
			mainGroup = 04B3BAAE2CAC0E8400CB3B76;
			productRefGroup = 04B3BAB82CAC0E8400CB3B76 /* Products */;
			projectDirPath = "";
			projectRoot = "";
			targets = (
				04B3BAB62CAC0E8400CB3B76 /* MultiModuleSample */,
			);
		};
/* End PBXProject section */

/* Begin PBXResourcesBuildPhase section */
		04B3BAB52CAC0E8400CB3B76 /* Resources */ = {
			isa = PBXResourcesBuildPhase;
			buildActionMask = 2147483647;
			files = (
				04B3BAC72CAC0E8500CB3B76 /* LaunchScreen.storyboard in Resources */,
				04B3BAC42CAC0E8500CB3B76 /* Assets.xcassets in Resources */,
				04B3BAC22CAC0E8400CB3B76 /* Main.storyboard in Resources */,
			);
			runOnlyForDeploymentPostprocessing = 0;
		};
/* End PBXResourcesBuildPhase section */

/* Begin PBXSourcesBuildPhase section */
		04B3BAB32CAC0E8400CB3B76 /* Sources */ = {
			isa = PBXSourcesBuildPhase;
			buildActionMask = 2147483647;
			files = (
				04B3BABF2CAC0E8400CB3B76 /* ViewController.swift in Sources */,
				04B3BAD92CAC102700CB3B76 /* ViewModelProtocol.swift in Sources */,
				04B3BADB2CAC15FF00CB3B76 /* ViewModel+Init.swift in Sources */,
				04B3BABB2CAC0E8400CB3B76 /* AppDelegate.swift in Sources */,
				04B3BAD72CAC0FDD00CB3B76 /* ViewModel.swift in Sources */,
				04B3BABD2CAC0E8400CB3B76 /* SceneDelegate.swift in Sources */,
			);
			runOnlyForDeploymentPostprocessing = 0;
		};
/* End PBXSourcesBuildPhase section */

/* Begin PBXVariantGroup section */
		04B3BAC02CAC0E8400CB3B76 /* Main.storyboard */ = {
			isa = PBXVariantGroup;
			children = (
				04B3BAC12CAC0E8400CB3B76 /* Base */,
			);
			name = Main.storyboard;
			sourceTree = "<group>";
		};
		04B3BAC52CAC0E8500CB3B76 /* LaunchScreen.storyboard */ = {
			isa = PBXVariantGroup;
			children = (
				04B3BAC62CAC0E8500CB3B76 /* Base */,
			);
			name = LaunchScreen.storyboard;
			sourceTree = "<group>";
		};
/* End PBXVariantGroup section */

/* Begin XCBuildConfiguration section */
		04B3BAC92CAC0E8500CB3B76 /* Debug */ = {
			isa = XCBuildConfiguration;
			buildSettings = {
				ALWAYS_SEARCH_USER_PATHS = NO;
				ASSETCATALOG_COMPILER_GENERATE_SWIFT_ASSET_SYMBOL_EXTENSIONS = YES;
				CLANG_ANALYZER_NONNULL = YES;
				CLANG_ANALYZER_NUMBER_OBJECT_CONVERSION = YES_AGGRESSIVE;
				CLANG_CXX_LANGUAGE_STANDARD = "gnu++20";
				CLANG_ENABLE_MODULES = YES;
				CLANG_ENABLE_OBJC_ARC = YES;
				CLANG_ENABLE_OBJC_WEAK = YES;
				CLANG_WARN_BLOCK_CAPTURE_AUTORELEASING = YES;
				CLANG_WARN_BOOL_CONVERSION = YES;
				CLANG_WARN_COMMA = YES;
				CLANG_WARN_CONSTANT_CONVERSION = YES;
				CLANG_WARN_DEPRECATED_OBJC_IMPLEMENTATIONS = YES;
				CLANG_WARN_DIRECT_OBJC_ISA_USAGE = YES_ERROR;
				CLANG_WARN_DOCUMENTATION_COMMENTS = YES;
				CLANG_WARN_EMPTY_BODY = YES;
				CLANG_WARN_ENUM_CONVERSION = YES;
				CLANG_WARN_INFINITE_RECURSION = YES;
				CLANG_WARN_INT_CONVERSION = YES;
				CLANG_WARN_NON_LITERAL_NULL_CONVERSION = YES;
				CLANG_WARN_OBJC_IMPLICIT_RETAIN_SELF = YES;
				CLANG_WARN_OBJC_LITERAL_CONVERSION = YES;
				CLANG_WARN_OBJC_ROOT_CLASS = YES_ERROR;
				CLANG_WARN_QUOTED_INCLUDE_IN_FRAMEWORK_HEADER = YES;
				CLANG_WARN_RANGE_LOOP_ANALYSIS = YES;
				CLANG_WARN_STRICT_PROTOTYPES = YES;
				CLANG_WARN_SUSPICIOUS_MOVE = YES;
				CLANG_WARN_UNGUARDED_AVAILABILITY = YES_AGGRESSIVE;
				CLANG_WARN_UNREACHABLE_CODE = YES;
				CLANG_WARN__DUPLICATE_METHOD_MATCH = YES;
				COPY_PHASE_STRIP = NO;
				DEBUG_INFORMATION_FORMAT = dwarf;
				ENABLE_STRICT_OBJC_MSGSEND = YES;
				ENABLE_TESTABILITY = YES;
				ENABLE_USER_SCRIPT_SANDBOXING = YES;
				GCC_C_LANGUAGE_STANDARD = gnu17;
				GCC_DYNAMIC_NO_PIC = NO;
				GCC_NO_COMMON_BLOCKS = YES;
				GCC_OPTIMIZATION_LEVEL = 0;
				GCC_PREPROCESSOR_DEFINITIONS = (
					"DEBUG=1",
					"$(inherited)",
				);
				GCC_WARN_64_TO_32_BIT_CONVERSION = YES;
				GCC_WARN_ABOUT_RETURN_TYPE = YES_ERROR;
				GCC_WARN_UNDECLARED_SELECTOR = YES;
				GCC_WARN_UNINITIALIZED_AUTOS = YES_AGGRESSIVE;
				GCC_WARN_UNUSED_FUNCTION = YES;
				GCC_WARN_UNUSED_VARIABLE = YES;
				IPHONEOS_DEPLOYMENT_TARGET = 17.0;
				LOCALIZATION_PREFERS_STRING_CATALOGS = YES;
				MTL_ENABLE_DEBUG_INFO = INCLUDE_SOURCE;
				MTL_FAST_MATH = YES;
				ONLY_ACTIVE_ARCH = YES;
				SDKROOT = iphoneos;
				SWIFT_ACTIVE_COMPILATION_CONDITIONS = "DEBUG $(inherited)";
				SWIFT_OPTIMIZATION_LEVEL = "-Onone";
			};
			name = Debug;
		};
		04B3BACA2CAC0E8500CB3B76 /* Release */ = {
			isa = XCBuildConfiguration;
			buildSettings = {
				ALWAYS_SEARCH_USER_PATHS = NO;
				ASSETCATALOG_COMPILER_GENERATE_SWIFT_ASSET_SYMBOL_EXTENSIONS = YES;
				CLANG_ANALYZER_NONNULL = YES;
				CLANG_ANALYZER_NUMBER_OBJECT_CONVERSION = YES_AGGRESSIVE;
				CLANG_CXX_LANGUAGE_STANDARD = "gnu++20";
				CLANG_ENABLE_MODULES = YES;
				CLANG_ENABLE_OBJC_ARC = YES;
				CLANG_ENABLE_OBJC_WEAK = YES;
				CLANG_WARN_BLOCK_CAPTURE_AUTORELEASING = YES;
				CLANG_WARN_BOOL_CONVERSION = YES;
				CLANG_WARN_COMMA = YES;
				CLANG_WARN_CONSTANT_CONVERSION = YES;
				CLANG_WARN_DEPRECATED_OBJC_IMPLEMENTATIONS = YES;
				CLANG_WARN_DIRECT_OBJC_ISA_USAGE = YES_ERROR;
				CLANG_WARN_DOCUMENTATION_COMMENTS = YES;
				CLANG_WARN_EMPTY_BODY = YES;
				CLANG_WARN_ENUM_CONVERSION = YES;
				CLANG_WARN_INFINITE_RECURSION = YES;
				CLANG_WARN_INT_CONVERSION = YES;
				CLANG_WARN_NON_LITERAL_NULL_CONVERSION = YES;
				CLANG_WARN_OBJC_IMPLICIT_RETAIN_SELF = YES;
				CLANG_WARN_OBJC_LITERAL_CONVERSION = YES;
				CLANG_WARN_OBJC_ROOT_CLASS = YES_ERROR;
				CLANG_WARN_QUOTED_INCLUDE_IN_FRAMEWORK_HEADER = YES;
				CLANG_WARN_RANGE_LOOP_ANALYSIS = YES;
				CLANG_WARN_STRICT_PROTOTYPES = YES;
				CLANG_WARN_SUSPICIOUS_MOVE = YES;
				CLANG_WARN_UNGUARDED_AVAILABILITY = YES_AGGRESSIVE;
				CLANG_WARN_UNREACHABLE_CODE = YES;
				CLANG_WARN__DUPLICATE_METHOD_MATCH = YES;
				COPY_PHASE_STRIP = NO;
				DEBUG_INFORMATION_FORMAT = "dwarf-with-dsym";
				ENABLE_NS_ASSERTIONS = NO;
				ENABLE_STRICT_OBJC_MSGSEND = YES;
				ENABLE_USER_SCRIPT_SANDBOXING = YES;
				GCC_C_LANGUAGE_STANDARD = gnu17;
				GCC_NO_COMMON_BLOCKS = YES;
				GCC_WARN_64_TO_32_BIT_CONVERSION = YES;
				GCC_WARN_ABOUT_RETURN_TYPE = YES_ERROR;
				GCC_WARN_UNDECLARED_SELECTOR = YES;
				GCC_WARN_UNINITIALIZED_AUTOS = YES_AGGRESSIVE;
				GCC_WARN_UNUSED_FUNCTION = YES;
				GCC_WARN_UNUSED_VARIABLE = YES;
				IPHONEOS_DEPLOYMENT_TARGET = 17.0;
				LOCALIZATION_PREFERS_STRING_CATALOGS = YES;
				MTL_ENABLE_DEBUG_INFO = NO;
				MTL_FAST_MATH = YES;
				SDKROOT = iphoneos;
				SWIFT_COMPILATION_MODE = wholemodule;
				VALIDATE_PRODUCT = YES;
			};
			name = Release;
		};
		04B3BACC2CAC0E8500CB3B76 /* Debug */ = {
			isa = XCBuildConfiguration;
			buildSettings = {
				ASSETCATALOG_COMPILER_APPICON_NAME = AppIcon;
				ASSETCATALOG_COMPILER_GLOBAL_ACCENT_COLOR_NAME = AccentColor;
				CODE_SIGN_STYLE = Automatic;
				CURRENT_PROJECT_VERSION = 1;
				DEVELOPMENT_TEAM = Y2TUD8FH9S;
				GENERATE_INFOPLIST_FILE = YES;
				INFOPLIST_FILE = MultiModuleSample/Info.plist;
				INFOPLIST_KEY_UIApplicationSupportsIndirectInputEvents = YES;
				INFOPLIST_KEY_UILaunchStoryboardName = LaunchScreen;
				INFOPLIST_KEY_UIMainStoryboardFile = Main;
				INFOPLIST_KEY_UISupportedInterfaceOrientations_iPad = "UIInterfaceOrientationPortrait UIInterfaceOrientationPortraitUpsideDown UIInterfaceOrientationLandscapeLeft UIInterfaceOrientationLandscapeRight";
				INFOPLIST_KEY_UISupportedInterfaceOrientations_iPhone = "UIInterfaceOrientationPortrait UIInterfaceOrientationLandscapeLeft UIInterfaceOrientationLandscapeRight";
				LD_RUNPATH_SEARCH_PATHS = (
					"$(inherited)",
					"@executable_path/Frameworks",
				);
				MARKETING_VERSION = 1.0;
				PRODUCT_BUNDLE_IDENTIFIER = "jp.tokyo-calendar.MultiModuleSample";
				PRODUCT_NAME = "$(TARGET_NAME)";
				SWIFT_EMIT_LOC_STRINGS = YES;
				SWIFT_VERSION = 5.0;
				TARGETED_DEVICE_FAMILY = "1,2";
			};
			name = Debug;
		};
		04B3BACD2CAC0E8500CB3B76 /* Release */ = {
			isa = XCBuildConfiguration;
			buildSettings = {
				ASSETCATALOG_COMPILER_APPICON_NAME = AppIcon;
				ASSETCATALOG_COMPILER_GLOBAL_ACCENT_COLOR_NAME = AccentColor;
				CODE_SIGN_STYLE = Automatic;
				CURRENT_PROJECT_VERSION = 1;
				DEVELOPMENT_TEAM = Y2TUD8FH9S;
				GENERATE_INFOPLIST_FILE = YES;
				INFOPLIST_FILE = MultiModuleSample/Info.plist;
				INFOPLIST_KEY_UIApplicationSupportsIndirectInputEvents = YES;
				INFOPLIST_KEY_UILaunchStoryboardName = LaunchScreen;
				INFOPLIST_KEY_UIMainStoryboardFile = Main;
				INFOPLIST_KEY_UISupportedInterfaceOrientations_iPad = "UIInterfaceOrientationPortrait UIInterfaceOrientationPortraitUpsideDown UIInterfaceOrientationLandscapeLeft UIInterfaceOrientationLandscapeRight";
				INFOPLIST_KEY_UISupportedInterfaceOrientations_iPhone = "UIInterfaceOrientationPortrait UIInterfaceOrientationLandscapeLeft UIInterfaceOrientationLandscapeRight";
				LD_RUNPATH_SEARCH_PATHS = (
					"$(inherited)",
					"@executable_path/Frameworks",
				);
				MARKETING_VERSION = 1.0;
				PRODUCT_BUNDLE_IDENTIFIER = "jp.tokyo-calendar.MultiModuleSample";
				PRODUCT_NAME = "$(TARGET_NAME)";
				SWIFT_EMIT_LOC_STRINGS = YES;
				SWIFT_VERSION = 5.0;
				TARGETED_DEVICE_FAMILY = "1,2";
			};
			name = Release;
		};
/* End XCBuildConfiguration section */

/* Begin XCConfigurationList section */
		04B3BAB22CAC0E8400CB3B76 /* Build configuration list for PBXProject "MultiModuleSample" */ = {
			isa = XCConfigurationList;
			buildConfigurations = (
				04B3BAC92CAC0E8500CB3B76 /* Debug */,
				04B3BACA2CAC0E8500CB3B76 /* Release */,
			);
			defaultConfigurationIsVisible = 0;
			defaultConfigurationName = Release;
		};
		04B3BACB2CAC0E8500CB3B76 /* Build configuration list for PBXNativeTarget "MultiModuleSample" */ = {
			isa = XCConfigurationList;
			buildConfigurations = (
				04B3BACC2CAC0E8500CB3B76 /* Debug */,
				04B3BACD2CAC0E8500CB3B76 /* Release */,
			);
			defaultConfigurationIsVisible = 0;
			defaultConfigurationName = Release;
		};
/* End XCConfigurationList section */

/* Begin XCSwiftPackageProductDependency section */
		04B3BAD02CAC0F4500CB3B76 /* TCDCore */ = {
			isa = XCSwiftPackageProductDependency;
			productName = TCDCore;
		};
		04B3BAD22CAC0F6500CB3B76 /* SharedModels */ = {
			isa = XCSwiftPackageProductDependency;
			productName = SharedModels;
		};
		04B3BAD42CAC0F6900CB3B76 /* TCDDomain */ = {
			isa = XCSwiftPackageProductDependency;
			productName = TCDDomain;
		};
		04B3BADC2CAC163C00CB3B76 /* TCDData */ = {
			isa = XCSwiftPackageProductDependency;
			productName = TCDData;
		};
/* End XCSwiftPackageProductDependency section */
	};
	rootObject = 04B3BAAF2CAC0E8400CB3B76 /* Project object */;
}
